
Microsoft Visual Studio Solution File, Format Version 12.00
# Visual Studio Version 17
VisualStudioVersion = 17.2.32516.85
MinimumVisualStudioVersion = 10.0.40219.1
Project("{9A19103F-16F7-4668-BE54-9A1E7A4F7556}") = "API1", "API1\API1.csproj", "{23089A0F-E44C-4F28-B258-A4EF660D7C44}"
EndProject
Project("{FAE04EC0-301F-11D3-BF4B-00C04F79EFBC}") = "API1Test", "API1Test\API1Test.csproj", "{426AC154-7CD6-487C-846C-B7CFA90340CE}"
EndProject
Global
	GlobalSection(SolutionConfigurationPlatforms) = preSolution
		Debug|Any CPU = Debug|Any CPU
		Release|Any CPU = Release|Any CPU
	EndGlobalSection
	GlobalSection(ProjectConfigurationPlatforms) = postSolution
		{23089A0F-E44C-4F28-B258-A4EF660D7C44}.Debug|Any CPU.ActiveCfg = Debug|Any CPU
		{23089A0F-E44C-4F28-B258-A4EF660D7C44}.Debug|Any CPU.Build.0 = Debug|Any CPU
		{23089A0F-E44C-4F28-B258-A4EF660D7C44}.Release|Any CPU.ActiveCfg = Release|Any CPU
		{23089A0F-E44C-4F28-B258-A4EF660D7C44}.Release|Any CPU.Build.0 = Release|Any CPU
		{426AC154-7CD6-487C-846C-B7CFA90340CE}.Debug|Any CPU.ActiveCfg = Debug|Any CPU
		{426AC154-7CD6-487C-846C-B7CFA90340CE}.Debug|Any CPU.Build.0 = Debug|Any CPU
		{426AC154-7CD6-487C-846C-B7CFA90340CE}.Release|Any CPU.ActiveCfg = Release|Any CPU
		{426AC154-7CD6-487C-846C-B7CFA90340CE}.Release|Any CPU.Build.0 = Release|Any CPU
	EndGlobalSection
	GlobalSection(SolutionProperties) = preSolution
		HideSolutionNode = FALSE
	EndGlobalSection
	GlobalSection(ExtensibilityGlobals) = postSolution
		SolutionGuid = {8358D493-9DA4-43E4-AD33-906FC910C702}
	EndGlobalSection
EndGlobal
